// !$*UTF8*$!
{
	archiveVersion = 1;
	classes = {
	};
	objectVersion = 50;
	objects = {

/* Begin PBXBuildFile section */
		221E662F2337DC4A0023324E /* AppDelegate.swift in Sources */ = {isa = PBXBuildFile; fileRef = 221E662E2337DC4A0023324E /* AppDelegate.swift */; };
		221E66312337DC4A0023324E /* ViewController.swift in Sources */ = {isa = PBXBuildFile; fileRef = 221E66302337DC4A0023324E /* ViewController.swift */; };
		221E66342337DC4A0023324E /* Main.storyboard in Resources */ = {isa = PBXBuildFile; fileRef = 221E66322337DC4A0023324E /* Main.storyboard */; };
		221E66372337DC4A0023324E /* MarcaPinesRuta.xcdatamodeld in Sources */ = {isa = PBXBuildFile; fileRef = 221E66352337DC4A0023324E /* MarcaPinesRuta.xcdatamodeld */; };
		221E66392337DC4B0023324E /* Assets.xcassets in Resources */ = {isa = PBXBuildFile; fileRef = 221E66382337DC4B0023324E /* Assets.xcassets */; };
		221E663C2337DC4B0023324E /* LaunchScreen.storyboard in Resources */ = {isa = PBXBuildFile; fileRef = 221E663A2337DC4B0023324E /* LaunchScreen.storyboard */; };
/* End PBXBuildFile section */

/* Begin PBXFileReference section */
		221E662B2337DC4A0023324E /* MarcaPinesRuta.app */ = {isa = PBXFileReference; explicitFileType = wrapper.application; includeInIndex = 0; path = MarcaPinesRuta.app; sourceTree = BUILT_PRODUCTS_DIR; };
		221E662E2337DC4A0023324E /* AppDelegate.swift */ = {isa = PBXFileReference; lastKnownFileType = sourcecode.swift; path = AppDelegate.swift; sourceTree = "<group>"; };
		221E66302337DC4A0023324E /* ViewController.swift */ = {isa = PBXFileReference; lastKnownFileType = sourcecode.swift; path = ViewController.swift; sourceTree = "<group>"; };
		221E66332337DC4A0023324E /* Base */ = {isa = PBXFileReference; lastKnownFileType = file.storyboard; name = Base; path = Base.lproj/Main.storyboard; sourceTree = "<group>"; };
		221E66362337DC4A0023324E /* MarcaPinesRuta.xcdatamodel */ = {isa = PBXFileReference; lastKnownFileType = wrapper.xcdatamodel; path = MarcaPinesRuta.xcdatamodel; sourceTree = "<group>"; };
		221E66382337DC4B0023324E /* Assets.xcassets */ = {isa = PBXFileReference; lastKnownFileType = folder.assetcatalog; path = Assets.xcassets; sourceTree = "<group>"; };
		221E663B2337DC4B0023324E /* Base */ = {isa = PBXFileReference; lastKnownFileType = file.storyboard; name = Base; path = Base.lproj/LaunchScreen.storyboard; sourceTree = "<group>"; };
		221E663D2337DC4B0023324E /* Info.plist */ = {isa = PBXFileReference; lastKnownFileType = text.plist.xml; path = Info.plist; sourceTree = "<group>"; };
/* End PBXFileReference section */

/* Begin PBXFrameworksBuildPhase section */
		221E66282337DC4A0023324E /* Frameworks */ = {
			isa = PBXFrameworksBuildPhase;
			buildActionMask = 2147483647;
			files = (
			);
			runOnlyForDeploymentPostprocessing = 0;
		};
/* End PBXFrameworksBuildPhase section */

/* Begin PBXGroup section */
		221E66222337DC4A0023324E = {
			isa = PBXGroup;
			children = (
				221E662D2337DC4A0023324E /* MarcaPinesRuta */,
				221E662C2337DC4A0023324E /* Products */,
			);
			sourceTree = "<group>";
		};
		221E662C2337DC4A0023324E /* Products */ = {
			isa = PBXGroup;
			children = (
				221E662B2337DC4A0023324E /* MarcaPinesRuta.app */,
			);
			name = Products;
			sourceTree = "<group>";
		};
		221E662D2337DC4A0023324E /* MarcaPinesRuta */ = {
			isa = PBXGroup;
			children = (
				221E662E2337DC4A0023324E /* AppDelegate.swift */,
				221E66302337DC4A0023324E /* ViewController.swift */,
				221E66322337DC4A0023324E /* Main.storyboard */,
				221E66382337DC4B0023324E /* Assets.xcassets */,
				221E663A2337DC4B0023324E /* LaunchScreen.storyboard */,
				221E663D2337DC4B0023324E /* Info.plist */,
				221E66352337DC4A0023324E /* MarcaPinesRuta.xcdatamodeld */,
			);
			path = MarcaPinesRuta;
			sourceTree = "<group>";
		};
/* End PBXGroup section */

/* Begin PBXNativeTarget section */
		221E662A2337DC4A0023324E /* MarcaPinesRuta */ = {
			isa = PBXNativeTarget;
			buildConfigurationList = 221E66402337DC4B0023324E /* Build configuration list for PBXNativeTarget "MarcaPinesRuta" */;
			buildPhases = (
				221E66272337DC4A0023324E /* Sources */,
				221E66282337DC4A0023324E /* Frameworks */,
				221E66292337DC4A0023324E /* Resources */,
			);
			buildRules = (
			);
			dependencies = (
			);
			name = MarcaPinesRuta;
			productName = MarcaPinesRuta;
			productReference = 221E662B2337DC4A0023324E /* MarcaPinesRuta.app */;
			productType = "com.apple.product-type.application";
		};
/* End PBXNativeTarget section */

/* Begin PBXProject section */
		221E66232337DC4A0023324E /* Project object */ = {
			isa = PBXProject;
			attributes = {
				LastSwiftUpdateCheck = 1030;
				LastUpgradeCheck = 1030;
				ORGANIZATIONNAME = gezuzm;
				TargetAttributes = {
					221E662A2337DC4A0023324E = {
						CreatedOnToolsVersion = 10.3;
						LastSwiftMigration = 1100;
					};
				};
			};
			buildConfigurationList = 221E66262337DC4A0023324E /* Build configuration list for PBXProject "MarcaPinesRuta" */;
			compatibilityVersion = "Xcode 9.3";
			developmentRegion = en;
			hasScannedForEncodings = 0;
			knownRegions = (
				en,
				Base,
			);
			mainGroup = 221E66222337DC4A0023324E;
			productRefGroup = 221E662C2337DC4A0023324E /* Products */;
			projectDirPath = "";
			projectRoot = "";
			targets = (
				221E662A2337DC4A0023324E /* MarcaPinesRuta */,
			);
		};
/* End PBXProject section */

/* Begin PBXResourcesBuildPhase section */
		221E66292337DC4A0023324E /* Resources */ = {
			isa = PBXResourcesBuildPhase;
			buildActionMask = 2147483647;
			files = (
				221E663C2337DC4B0023324E /* LaunchScreen.storyboard in Resources */,
				221E66392337DC4B0023324E /* Assets.xcassets in Resources */,
				221E66342337DC4A0023324E /* Main.storyboard in Resources */,
			);
			runOnlyForDeploymentPostprocessing = 0;
		};
/* End PBXResourcesBuildPhase section */

/* Begin PBXSourcesBuildPhase section */
		221E66272337DC4A0023324E /* Sources */ = {
			isa = PBXSourcesBuildPhase;
			buildActionMask = 2147483647;
			files = (
				221E66372337DC4A0023324E /* MarcaPinesRuta.xcdatamodeld in Sources */,
				221E66312337DC4A0023324E /* ViewController.swift in Sources */,
				221E662F2337DC4A0023324E /* AppDelegate.swift in Sources */,
			);
			runOnlyForDeploymentPostprocessing = 0;
		};
/* End PBXSourcesBuildPhase section */

/* Begin PBXVariantGroup section */
		221E66322337DC4A0023324E /* Main.storyboard */ = {
			isa = PBXVariantGroup;
			children = (
				221E66332337DC4A0023324E /* Base */,
			);
			name = Main.storyboard;
			sourceTree = "<group>";
		};
		221E663A2337DC4B0023324E /* LaunchScreen.storyboard */ = {
			isa = PBXVariantGroup;
			children = (
				221E663B2337DC4B0023324E /* Base */,
			);
			name = LaunchScreen.storyboard;
			sourceTree = "<group>";
		};
/* End PBXVariantGroup section */

/* Begin XCBuildConfiguration section */
		221E663E2337DC4B0023324E /* Debug */ = {
			isa = XCBuildConfiguration;
			buildSettings = {
				ALWAYS_SEARCH_USER_PATHS = NO;
				CLANG_ANALYZER_NONNULL = YES;
				CLANG_ANALYZER_NUMBER_OBJECT_CONVERSION = YES_AGGRESSIVE;
				CLANG_CXX_LANGUAGE_STANDARD = "gnu++14";
				CLANG_CXX_LIBRARY = "libc++";
				CLANG_ENABLE_MODULES = YES;
				CLANG_ENABLE_OBJC_ARC = YES;
				CLANG_ENABLE_OBJC_WEAK = YES;
				CLANG_WARN_BLOCK_CAPTURE_AUTORELEASING = YES;
				CLANG_WARN_BOOL_CONVERSION = YES;
				CLANG_WARN_COMMA = YES;
				CLANG_WARN_CONSTANT_CONVERSION = YES;
				CLANG_WARN_DEPRECATED_OBJC_IMPLEMENTATIONS = YES;
				CLANG_WARN_DIRECT_OBJC_ISA_USAGE = YES_ERROR;
				CLANG_WARN_DOCUMENTATION_COMMENTS = YES;
				CLANG_WARN_EMPTY_BODY = YES;
				CLANG_WARN_ENUM_CONVERSION = YES;
				CLANG_WARN_INFINITE_RECURSION = YES;
				CLANG_WARN_INT_CONVERSION = YES;
				CLANG_WARN_NON_LITERAL_NULL_CONVERSION = YES;
				CLANG_WARN_OBJC_IMPLICIT_RETAIN_SELF = YES;
				CLANG_WARN_OBJC_LITERAL_CONVERSION = YES;
				CLANG_WARN_OBJC_ROOT_CLASS = YES_ERROR;
				CLANG_WARN_RANGE_LOOP_ANALYSIS = YES;
				CLANG_WARN_STRICT_PROTOTYPES = YES;
				CLANG_WARN_SUSPICIOUS_MOVE = YES;
				CLANG_WARN_UNGUARDED_AVAILABILITY = YES_AGGRESSIVE;
				CLANG_WARN_UNREACHABLE_CODE = YES;
				CLANG_WARN__DUPLICATE_METHOD_MATCH = YES;
				CODE_SIGN_IDENTITY = "iPhone Developer";
				COPY_PHASE_STRIP = NO;
				DEBUG_INFORMATION_FORMAT = dwarf;
				ENABLE_STRICT_OBJC_MSGSEND = YES;
				ENABLE_TESTABILITY = YES;
				GCC_C_LANGUAGE_STANDARD = gnu11;
				GCC_DYNAMIC_NO_PIC = NO;
				GCC_NO_COMMON_BLOCKS = YES;
				GCC_OPTIMIZATION_LEVEL = 0;
				GCC_PREPROCESSOR_DEFINITIONS = (
					"DEBUG=1",
					"$(inherited)",
				);
				GCC_WARN_64_TO_32_BIT_CONVERSION = YES;
				GCC_WARN_ABOUT_RETURN_TYPE = YES_ERROR;
				GCC_WARN_UNDECLARED_SELECTOR = YES;
				GCC_WARN_UNINITIALIZED_AUTOS = YES_AGGRESSIVE;
				GCC_WARN_UNUSED_FUNCTION = YES;
				GCC_WARN_UNUSED_VARIABLE = YES;
				IPHONEOS_DEPLOYMENT_TARGET = 12.4;
				MTL_ENABLE_DEBUG_INFO = INCLUDE_SOURCE;
				MTL_FAST_MATH = YES;
				ONLY_ACTIVE_ARCH = YES;
				SDKROOT = iphoneos;
				SWIFT_ACTIVE_COMPILATION_CONDITIONS = DEBUG;
				SWIFT_OPTIMIZATION_LEVEL = "-Onone";
			};
			name = Debug;
		};
		221E663F2337DC4B0023324E /* Release */ = {
			isa = XCBuildConfiguration;
			buildSettings = {
				ALWAYS_SEARCH_USER_PATHS = NO;
				CLANG_ANALYZER_NONNULL = YES;
				CLANG_ANALYZER_NUMBER_OBJECT_CONVERSION = YES_AGGRESSIVE;
				CLANG_CXX_LANGUAGE_STANDARD = "gnu++14";
				CLANG_CXX_LIBRARY = "libc++";
				CLANG_ENABLE_MODULES = YES;
				CLANG_ENABLE_OBJC_ARC = YES;
				CLANG_ENABLE_OBJC_WEAK = YES;
				CLANG_WARN_BLOCK_CAPTURE_AUTORELEASING = YES;
				CLANG_WARN_BOOL_CONVERSION = YES;
				CLANG_WARN_COMMA = YES;
				CLANG_WARN_CONSTANT_CONVERSION = YES;
				CLANG_WARN_DEPRECATED_OBJC_IMPLEMENTATIONS = YES;
				CLANG_WARN_DIRECT_OBJC_ISA_USAGE = YES_ERROR;
				CLANG_WARN_DOCUMENTATION_COMMENTS = YES;
				CLANG_WARN_EMPTY_BODY = YES;
				CLANG_WARN_ENUM_CONVERSION = YES;
				CLANG_WARN_INFINITE_RECURSION = YES;
				CLANG_WARN_INT_CONVERSION = YES;
				CLANG_WARN_NON_LITERAL_NULL_CONVERSION = YES;
				CLANG_WARN_OBJC_IMPLICIT_RETAIN_SELF = YES;
				CLANG_WARN_OBJC_LITERAL_CONVERSION = YES;
				CLANG_WARN_OBJC_ROOT_CLASS = YES_ERROR;
				CLANG_WARN_RANGE_LOOP_ANALYSIS = YES;
				CLANG_WARN_STRICT_PROTOTYPES = YES;
				CLANG_WARN_SUSPICIOUS_MOVE = YES;
				CLANG_WARN_UNGUARDED_AVAILABILITY = YES_AGGRESSIVE;
				CLANG_WARN_UNREACHABLE_CODE = YES;
				CLANG_WARN__DUPLICATE_METHOD_MATCH = YES;
				CODE_SIGN_IDENTITY = "iPhone Developer";
				COPY_PHASE_STRIP = NO;
				DEBUG_INFORMATION_FORMAT = "dwarf-with-dsym";
				ENABLE_NS_ASSERTIONS = NO;
				ENABLE_STRICT_OBJC_MSGSEND = YES;
				GCC_C_LANGUAGE_STANDARD = gnu11;
				GCC_NO_COMMON_BLOCKS = YES;
				GCC_WARN_64_TO_32_BIT_CONVERSION = YES;
				GCC_WARN_ABOUT_RETURN_TYPE = YES_ERROR;
				GCC_WARN_UNDECLARED_SELECTOR = YES;
				GCC_WARN_UNINITIALIZED_AUTOS = YES_AGGRESSIVE;
				GCC_WARN_UNUSED_FUNCTION = YES;
				GCC_WARN_UNUSED_VARIABLE = YES;
				IPHONEOS_DEPLOYMENT_TARGET = 12.4;
				MTL_ENABLE_DEBUG_INFO = NO;
				MTL_FAST_MATH = YES;
				SDKROOT = iphoneos;
				SWIFT_COMPILATION_MODE = wholemodule;
				SWIFT_OPTIMIZATION_LEVEL = "-O";
				VALIDATE_PRODUCT = YES;
			};
			name = Release;
		};
		221E66412337DC4B0023324E /* Debug */ = {
			isa = XCBuildConfiguration;
			buildSettings = {
				ASSETCATALOG_COMPILER_APPICON_NAME = AppIcon;
				CODE_SIGN_STYLE = Automatic;
				DEVELOPMENT_TEAM = 9B3GWJ8C2G;
				INFOPLIST_FILE = MarcaPinesRuta/Info.plist;
				IPHONEOS_DEPLOYMENT_TARGET = 11.0;
				LD_RUNPATH_SEARCH_PATHS = (
					"$(inherited)",
					"@executable_path/Frameworks",
				);
				PRODUCT_BUNDLE_IDENTIFIER = mx.gezuzm.MarcaPinesRuta;
				PRODUCT_NAME = "$(TARGET_NAME)";
				SWIFT_VERSION = 4.2;
				TARGETED_DEVICE_FAMILY = "1,2";
			};
			name = Debug;
		};
		221E66422337DC4B0023324E /* Release */ = {
			isa = XCBuildConfiguration;
			buildSettings = {
				ASSETCATALOG_COMPILER_APPICON_NAME = AppIcon;
				CODE_SIGN_STYLE = Automatic;
				DEVELOPMENT_TEAM = 9B3GWJ8C2G;
				INFOPLIST_FILE = MarcaPinesRuta/Info.plist;
				IPHONEOS_DEPLOYMENT_TARGET = 11.0;
				LD_RUNPATH_SEARCH_PATHS = (
					"$(inherited)",
					"@executable_path/Frameworks",
				);
				PRODUCT_BUNDLE_IDENTIFIER = mx.gezuzm.MarcaPinesRuta;
				PRODUCT_NAME = "$(TARGET_NAME)";
				SWIFT_VERSION = 4.2;
				TARGETED_DEVICE_FAMILY = "1,2";
			};
			name = Release;
		};
/* End XCBuildConfiguration section */

/* Begin XCConfigurationList section */
		221E66262337DC4A0023324E /* Build configuration list for PBXProject "MarcaPinesRuta" */ = {
			isa = XCConfigurationList;
			buildConfigurations = (
				221E663E2337DC4B0023324E /* Debug */,
				221E663F2337DC4B0023324E /* Release */,
			);
			defaultConfigurationIsVisible = 0;
			defaultConfigurationName = Release;
		};
		221E66402337DC4B0023324E /* Build configuration list for PBXNativeTarget "MarcaPinesRuta" */ = {
			isa = XCConfigurationList;
			buildConfigurations = (
				221E66412337DC4B0023324E /* Debug */,
				221E66422337DC4B0023324E /* Release */,
			);
			defaultConfigurationIsVisible = 0;
			defaultConfigurationName = Release;
		};
/* End XCConfigurationList section */

/* Begin XCVersionGroup section */
		221E66352337DC4A0023324E /* MarcaPinesRuta.xcdatamodeld */ = {
			isa = XCVersionGroup;
			children = (
				221E66362337DC4A0023324E /* MarcaPinesRuta.xcdatamodel */,
			);
			currentVersion = 221E66362337DC4A0023324E /* MarcaPinesRuta.xcdatamodel */;
			path = MarcaPinesRuta.xcdatamodeld;
			sourceTree = "<group>";
			versionGroupType = wrapper.xcdatamodel;
		};
/* End XCVersionGroup section */
	};
	rootObject = 221E66232337DC4A0023324E /* Project object */;
}
